<?xml version="1.0" encoding="utf-8"?>
<Project ToolsVersion="18.0" xmlns="http://schemas.microsoft.com/developer/msbuild/2003">
  <ItemGroup>
    <ClCompile Include="A:\Dev\DOOM\linuxdoom-1.10\doomdef.c">
      <Filter>Source Files</Filter>
    </ClCompile>
    <ClCompile Include="A:\Dev\DOOM\linuxdoom-1.10\doomstat.c">
      <Filter>Source Files</Filter>
    </ClCompile>
    <ClCompile Include="A:\Dev\DOOM\linuxdoom-1.10\dstrings.c">
      <Filter>Source Files</Filter>
    </ClCompile>
    <ClCompile Include="A:\Dev\DOOM\linuxdoom-1.10\tables.c">
      <Filter>Source Files</Filter>
    </ClCompile>
    <ClCompile Include="A:\Dev\DOOM\linuxdoom-1.10\f_finale.c">
      <Filter>Source Files</Filter>
    </ClCompile>
    <ClCompile Include="A:\Dev\DOOM\linuxdoom-1.10\f_wipe.c">
      <Filter>Source Files</Filter>
    </ClCompile>
    <ClCompile Include="A:\Dev\DOOM\linuxdoom-1.10\d_main.c">
      <Filter>Source Files</Filter>
    </ClCompile>
    <ClCompile Include="A:\Dev\DOOM\linuxdoom-1.10\d_net.c">
      <Filter>Source Files</Filter>
    </ClCompile>
    <ClCompile Include="A:\Dev\DOOM\linuxdoom-1.10\d_items.c">
      <Filter>Source Files</Filter>
    </ClCompile>
    <ClCompile Include="A:\Dev\DOOM\linuxdoom-1.10\g_game.c">
      <Filter>Source Files</Filter>
    </ClCompile>
    <ClCompile Include="A:\Dev\DOOM\linuxdoom-1.10\m_menu.c">
      <Filter>Source Files</Filter>
    </ClCompile>
    <ClCompile Include="A:\Dev\DOOM\linuxdoom-1.10\m_misc.c">
      <Filter>Source Files</Filter>
    </ClCompile>
    <ClCompile Include="A:\Dev\DOOM\linuxdoom-1.10\m_argv.c">
      <Filter>Source Files</Filter>
    </ClCompile>
    <ClCompile Include="A:\Dev\DOOM\linuxdoom-1.10\m_bbox.c">
      <Filter>Source Files</Filter>
    </ClCompile>
    <ClCompile Include="A:\Dev\DOOM\linuxdoom-1.10\m_fixed.c">
      <Filter>Source Files</Filter>
    </ClCompile>
    <ClCompile Include="A:\Dev\DOOM\linuxdoom-1.10\m_swap.c">
      <Filter>Source Files</Filter>
    </ClCompile>
    <ClCompile Include="A:\Dev\DOOM\linuxdoom-1.10\m_cheat.c">
      <Filter>Source Files</Filter>
    </ClCompile>
    <ClCompile Include="A:\Dev\DOOM\linuxdoom-1.10\m_random.c">
      <Filter>Source Files</Filter>
    </ClCompile>
    <ClCompile Include="A:\Dev\DOOM\linuxdoom-1.10\am_map.c">
      <Filter>Source Files</Filter>
    </ClCompile>
    <ClCompile Include="A:\Dev\DOOM\linuxdoom-1.10\p_ceilng.c">
      <Filter>Source Files</Filter>
    </ClCompile>
    <ClCompile Include="A:\Dev\DOOM\linuxdoom-1.10\p_doors.c">
      <Filter>Source Files</Filter>
    </ClCompile>
    <ClCompile Include="A:\Dev\DOOM\linuxdoom-1.10\p_enemy.c">
      <Filter>Source Files</Filter>
    </ClCompile>
    <ClCompile Include="A:\Dev\DOOM\linuxdoom-1.10\p_floor.c">
      <Filter>Source Files</Filter>
    </ClCompile>
    <ClCompile Include="A:\Dev\DOOM\linuxdoom-1.10\p_inter.c">
      <Filter>Source Files</Filter>
    </ClCompile>
    <ClCompile Include="A:\Dev\DOOM\linuxdoom-1.10\p_lights.c">
      <Filter>Source Files</Filter>
    </ClCompile>
    <ClCompile Include="A:\Dev\DOOM\linuxdoom-1.10\p_map.c">
      <Filter>Source Files</Filter>
    </ClCompile>
    <ClCompile Include="A:\Dev\DOOM\linuxdoom-1.10\p_maputl.c">
      <Filter>Source Files</Filter>
    </ClCompile>
    <ClCompile Include="A:\Dev\DOOM\linuxdoom-1.10\p_plats.c">
      <Filter>Source Files</Filter>
    </ClCompile>
    <ClCompile Include="A:\Dev\DOOM\linuxdoom-1.10\p_pspr.c">
      <Filter>Source Files</Filter>
    </ClCompile>
    <ClCompile Include="A:\Dev\DOOM\linuxdoom-1.10\p_setup.c">
      <Filter>Source Files</Filter>
    </ClCompile>
    <ClCompile Include="A:\Dev\DOOM\linuxdoom-1.10\p_sight.c">
      <Filter>Source Files</Filter>
    </ClCompile>
    <ClCompile Include="A:\Dev\DOOM\linuxdoom-1.10\p_spec.c">
      <Filter>Source Files</Filter>
    </ClCompile>
    <ClCompile Include="A:\Dev\DOOM\linuxdoom-1.10\p_switch.c">
      <Filter>Source Files</Filter>
    </ClCompile>
    <ClCompile Include="A:\Dev\DOOM\linuxdoom-1.10\p_mobj.c">
      <Filter>Source Files</Filter>
    </ClCompile>
    <ClCompile Include="A:\Dev\DOOM\linuxdoom-1.10\p_telept.c">
      <Filter>Source Files</Filter>
    </ClCompile>
    <ClCompile Include="A:\Dev\DOOM\linuxdoom-1.10\p_tick.c">
      <Filter>Source Files</Filter>
    </ClCompile>
    <ClCompile Include="A:\Dev\DOOM\linuxdoom-1.10\p_saveg.c">
      <Filter>Source Files</Filter>
    </ClCompile>
    <ClCompile Include="A:\Dev\DOOM\linuxdoom-1.10\p_user.c">
      <Filter>Source Files</Filter>
    </ClCompile>
    <ClCompile Include="A:\Dev\DOOM\linuxdoom-1.10\r_bsp.c">
      <Filter>Source Files</Filter>
    </ClCompile>
    <ClCompile Include="A:\Dev\DOOM\linuxdoom-1.10\r_data.c">
      <Filter>Source Files</Filter>
    </ClCompile>
    <ClCompile Include="A:\Dev\DOOM\linuxdoom-1.10\r_draw.c">
      <Filter>Source Files</Filter>
    </ClCompile>
    <ClCompile Include="A:\Dev\DOOM\linuxdoom-1.10\r_main.c">
      <Filter>Source Files</Filter>
    </ClCompile>
    <ClCompile Include="A:\Dev\DOOM\linuxdoom-1.10\r_plane.c">
      <Filter>Source Files</Filter>
    </ClCompile>
    <ClCompile Include="A:\Dev\DOOM\linuxdoom-1.10\r_segs.c">
      <Filter>Source Files</Filter>
    </ClCompile>
    <ClCompile Include="A:\Dev\DOOM\linuxdoom-1.10\r_sky.c">
      <Filter>Source Files</Filter>
    </ClCompile>
    <ClCompile Include="A:\Dev\DOOM\linuxdoom-1.10\r_things.c">
      <Filter>Source Files</Filter>
    </ClCompile>
    <ClCompile Include="A:\Dev\DOOM\linuxdoom-1.10\w_wad.c">
      <Filter>Source Files</Filter>
    </ClCompile>
    <ClCompile Include="A:\Dev\DOOM\linuxdoom-1.10\wi_stuff.c">
      <Filter>Source Files</Filter>
    </ClCompile>
    <ClCompile Include="A:\Dev\DOOM\linuxdoom-1.10\v_video.c">
      <Filter>Source Files</Filter>
    </ClCompile>
    <ClCompile Include="A:\Dev\DOOM\linuxdoom-1.10\st_lib.c">
      <Filter>Source Files</Filter>
    </ClCompile>
    <ClCompile Include="A:\Dev\DOOM\linuxdoom-1.10\st_stuff.c">
      <Filter>Source Files</Filter>
    </ClCompile>
    <ClCompile Include="A:\Dev\DOOM\linuxdoom-1.10\hu_stuff.c">
      <Filter>Source Files</Filter>
    </ClCompile>
    <ClCompile Include="A:\Dev\DOOM\linuxdoom-1.10\hu_lib.c">
      <Filter>Source Files</Filter>
    </ClCompile>
    <ClCompile Include="A:\Dev\DOOM\linuxdoom-1.10\s_sound.c">
      <Filter>Source Files</Filter>
    </ClCompile>
    <ClCompile Include="A:\Dev\DOOM\linuxdoom-1.10\z_zone.c">
      <Filter>Source Files</Filter>
    </ClCompile>
    <ClCompile Include="A:\Dev\DOOM\linuxdoom-1.10\info.c">
      <Filter>Source Files</Filter>
    </ClCompile>
    <ClCompile Include="A:\Dev\DOOM\linuxdoom-1.10\sounds.c">
      <Filter>Source Files</Filter>
    </ClCompile>
    <ClCompile Include="A:\Dev\DOOM\linuxdoom-1.10\i_main.c">
      <Filter>Source Files</Filter>
    </ClCompile>
  </ItemGroup>
  <ItemGroup>
    <CustomBuild Include="A:\Dev\DOOM\CMakeLists.txt" />
  </ItemGroup>
  <ItemGroup>
    <Filter Include="Source Files">
      <UniqueIdentifier>{B47216CB-4ABC-377A-8BB4-BD3848C5D2E9}</UniqueIdentifier>
    </Filter>
  </ItemGroup>
</Project>
